
Microsoft Visual Studio Solution File, Format Version 12.00
# Visual Studio Version 16
VisualStudioVersion = 16.0.29609.76
MinimumVisualStudioVersion = 10.0.40219.1
Project("{FAE04EC0-301F-11D3-BF4B-00C04F79EFBC}") = "AspnetJwtRoles", "AspnetJwtRoles\AspnetJwtRoles.csproj", "{EBF180D5-DB42-4E54-8225-42332403C77F}"
EndProject
Global
	GlobalSection(SolutionConfigurationPlatforms) = preSolution
		Debug|Any CPU = Debug|Any CPU
		Release|Any CPU = Release|Any CPU
	EndGlobalSection
	GlobalSection(ProjectConfigurationPlatforms) = postSolution
		{EBF180D5-DB42-4E54-8225-42332403C77F}.Debug|Any CPU.ActiveCfg = Debug|Any CPU
		{EBF180D5-DB42-4E54-8225-42332403C77F}.Debug|Any CPU.Build.0 = Debug|Any CPU
		{EBF180D5-DB42-4E54-8225-42332403C77F}.Release|Any CPU.ActiveCfg = Release|Any CPU
		{EBF180D5-DB42-4E54-8225-42332403C77F}.Release|Any CPU.Build.0 = Release|Any CPU
	EndGlobalSection
	GlobalSection(SolutionProperties) = preSolution
		HideSolutionNode = FALSE
	EndGlobalSection
	GlobalSection(ExtensibilityGlobals) = postSolution
		SolutionGuid = {B3687AD1-65AA-4097-9D96-3D1F1F579383}
	EndGlobalSection
EndGlobal
